
Microsoft Visual Studio Solution File, Format Version 12.00
# Visual Studio Version 16
VisualStudioVersion = 16.0.31112.23
MinimumVisualStudioVersion = 10.0.40219.1
Project("{8BC9CEB8-8B4A-11D0-8D11-00A0C91BC942}") = "EX1_Pole_Gal", "EX1_Pole_Gal\EX1_Pole_Gal.vcxproj", "{98001B6A-7C12-4C8B-9DAD-78F2AA776902}"
EndProject
Global
	GlobalSection(SolutionConfigurationPlatforms) = preSolution
		Debug|x64 = Debug|x64
		Debug|x86 = Debug|x86
		Release|x64 = Release|x64
		Release|x86 = Release|x86
	EndGlobalSection
	GlobalSection(ProjectConfigurationPlatforms) = postSolution
		{98001B6A-7C12-4C8B-9DAD-78F2AA776902}.Debug|x64.ActiveCfg = Debug|x64
		{98001B6A-7C12-4C8B-9DAD-78F2AA776902}.Debug|x64.Build.0 = Debug|x64
		{98001B6A-7C12-4C8B-9DAD-78F2AA776902}.Debug|x86.ActiveCfg = Debug|Win32
		{98001B6A-7C12-4C8B-9DAD-78F2AA776902}.Debug|x86.Build.0 = Debug|Win32
		{98001B6A-7C12-4C8B-9DAD-78F2AA776902}.Release|x64.ActiveCfg = Release|x64
		{98001B6A-7C12-4C8B-9DAD-78F2AA776902}.Release|x64.Build.0 = Release|x64
		{98001B6A-7C12-4C8B-9DAD-78F2AA776902}.Release|x86.ActiveCfg = Release|Win32
		{98001B6A-7C12-4C8B-9DAD-78F2AA776902}.Release|x86.Build.0 = Release|Win32
	EndGlobalSection
	GlobalSection(SolutionProperties) = preSolution
		HideSolutionNode = FALSE
	EndGlobalSection
	GlobalSection(ExtensibilityGlobals) = postSolution
		SolutionGuid = {09A4D46C-E9B2-43DA-B5DE-5240755978BE}
	EndGlobalSection
EndGlobal
